
Microsoft Visual Studio Solution File, Format Version 12.00
# Visual Studio Version 16
VisualStudioVersion = 16.0.31019.35
MinimumVisualStudioVersion = 10.0.40219.1
Project("{FAE04EC0-301F-11D3-BF4B-00C04F79EFBC}") = "Edytor_tekstu2", "Edytor_tekstu2\Edytor_tekstu2.csproj", "{5660819D-5260-44F4-9674-399A1F1E396E}"
EndProject
Global
	GlobalSection(SolutionConfigurationPlatforms) = preSolution
		Debug|Any CPU = Debug|Any CPU
		Release|Any CPU = Release|Any CPU
	EndGlobalSection
	GlobalSection(ProjectConfigurationPlatforms) = postSolution
		{5660819D-5260-44F4-9674-399A1F1E396E}.Debug|Any CPU.ActiveCfg = Debug|Any CPU
		{5660819D-5260-44F4-9674-399A1F1E396E}.Debug|Any CPU.Build.0 = Debug|Any CPU
		{5660819D-5260-44F4-9674-399A1F1E396E}.Release|Any CPU.ActiveCfg = Release|Any CPU
		{5660819D-5260-44F4-9674-399A1F1E396E}.Release|Any CPU.Build.0 = Release|Any CPU
	EndGlobalSection
	GlobalSection(SolutionProperties) = preSolution
		HideSolutionNode = FALSE
	EndGlobalSection
	GlobalSection(ExtensibilityGlobals) = postSolution
		SolutionGuid = {BF39066A-2FF9-4C09-93B1-3C8A1DA2BAC5}
	EndGlobalSection
EndGlobal
